
Microsoft Visual Studio Solution File, Format Version 12.00
# Visual Studio 15
VisualStudioVersion = 15.0.27428.2015
MinimumVisualStudioVersion = 10.0.40219.1
Project("{FAE04EC0-301F-11D3-BF4B-00C04F79EFBC}") = "Calculator", "Calculator\Calculator.csproj", "{4605CFC0-E7B2-4F4D-8EAF-0D26B4727FEF}"
EndProject
Global
	GlobalSection(SolutionConfigurationPlatforms) = preSolution
		Debug|Any CPU = Debug|Any CPU
		Release|Any CPU = Release|Any CPU
	EndGlobalSection
	GlobalSection(ProjectConfigurationPlatforms) = postSolution
		{4605CFC0-E7B2-4F4D-8EAF-0D26B4727FEF}.Debug|Any CPU.ActiveCfg = Debug|Any CPU
		{4605CFC0-E7B2-4F4D-8EAF-0D26B4727FEF}.Debug|Any CPU.Build.0 = Debug|Any CPU
		{4605CFC0-E7B2-4F4D-8EAF-0D26B4727FEF}.Release|Any CPU.ActiveCfg = Release|Any CPU
		{4605CFC0-E7B2-4F4D-8EAF-0D26B4727FEF}.Release|Any CPU.Build.0 = Release|Any CPU
	EndGlobalSection
	GlobalSection(SolutionProperties) = preSolution
		HideSolutionNode = FALSE
	EndGlobalSection
	GlobalSection(ExtensibilityGlobals) = postSolution
		SolutionGuid = {B70157A6-1DEC-4FFF-89A8-6D39829B7DFF}
	EndGlobalSection
EndGlobal
